
Microsoft Visual Studio Solution File, Format Version 12.00
# Visual Studio 2012
Project("{FAE04EC0-301F-11D3-BF4B-00C04F79EFBC}") = "DemoWebApi", "DemoWebApi\DemoWebApi.csproj", "{12A0B19B-D125-4D99-8E44-250D3B000BA9}"
EndProject
Project("{FAE04EC0-301F-11D3-BF4B-00C04F79EFBC}") = "DemoWebApi.Tests", "DemoWebApi.Tests\DemoWebApi.Tests.csproj", "{58EDB939-3CA6-409F-917F-34FBAA64D634}"
EndProject
Global
	GlobalSection(SolutionConfigurationPlatforms) = preSolution
		Debug|Any CPU = Debug|Any CPU
		Release|Any CPU = Release|Any CPU
	EndGlobalSection
	GlobalSection(ProjectConfigurationPlatforms) = postSolution
		{12A0B19B-D125-4D99-8E44-250D3B000BA9}.Debug|Any CPU.ActiveCfg = Debug|Any CPU
		{12A0B19B-D125-4D99-8E44-250D3B000BA9}.Debug|Any CPU.Build.0 = Debug|Any CPU
		{12A0B19B-D125-4D99-8E44-250D3B000BA9}.Release|Any CPU.ActiveCfg = Release|Any CPU
		{12A0B19B-D125-4D99-8E44-250D3B000BA9}.Release|Any CPU.Build.0 = Release|Any CPU
		{58EDB939-3CA6-409F-917F-34FBAA64D634}.Debug|Any CPU.ActiveCfg = Debug|Any CPU
		{58EDB939-3CA6-409F-917F-34FBAA64D634}.Debug|Any CPU.Build.0 = Debug|Any CPU
		{58EDB939-3CA6-409F-917F-34FBAA64D634}.Release|Any CPU.ActiveCfg = Release|Any CPU
		{58EDB939-3CA6-409F-917F-34FBAA64D634}.Release|Any CPU.Build.0 = Release|Any CPU
	EndGlobalSection
	GlobalSection(SolutionProperties) = preSolution
		HideSolutionNode = FALSE
	EndGlobalSection
EndGlobal
